
Microsoft Visual Studio Solution File, Format Version 12.00
# Visual Studio Version 17
VisualStudioVersion = 17.14.36414.22 d17.14
MinimumVisualStudioVersion = 10.0.40219.1
Project("{FAE04EC0-301F-11D3-BF4B-00C04F79EFBC}") = "CinemaWebApi", "CinemaWebApi\CinemaWebApi.csproj", "{EB49CAFB-370D-40A0-A301-B61B40545BCC}"
EndProject
Global
	GlobalSection(SolutionConfigurationPlatforms) = preSolution
		Debug|Any CPU = Debug|Any CPU
		Release|Any CPU = Release|Any CPU
	EndGlobalSection
	GlobalSection(ProjectConfigurationPlatforms) = postSolution
		{EB49CAFB-370D-40A0-A301-B61B40545BCC}.Debug|Any CPU.ActiveCfg = Debug|Any CPU
		{EB49CAFB-370D-40A0-A301-B61B40545BCC}.Debug|Any CPU.Build.0 = Debug|Any CPU
		{EB49CAFB-370D-40A0-A301-B61B40545BCC}.Release|Any CPU.ActiveCfg = Release|Any CPU
		{EB49CAFB-370D-40A0-A301-B61B40545BCC}.Release|Any CPU.Build.0 = Release|Any CPU
	EndGlobalSection
	GlobalSection(SolutionProperties) = preSolution
		HideSolutionNode = FALSE
	EndGlobalSection
	GlobalSection(ExtensibilityGlobals) = postSolution
		SolutionGuid = {36CDB0A2-7408-4FE9-AB59-BD83E473AA24}
	EndGlobalSection
EndGlobal
